
Microsoft Visual Studio Solution File, Format Version 12.00
# Visual Studio Version 17
VisualStudioVersion = 17.8.34330.188
MinimumVisualStudioVersion = 10.0.40219.1
Project("{FAE04EC0-301F-11D3-BF4B-00C04F79EFBC}") = "login_assignment", "login_assignment\login_assignment.csproj", "{0D6722E9-DFD9-4639-BC2B-3E04BD1AFD05}"
EndProject
Global
	GlobalSection(SolutionConfigurationPlatforms) = preSolution
		Debug|Any CPU = Debug|Any CPU
		Release|Any CPU = Release|Any CPU
	EndGlobalSection
	GlobalSection(ProjectConfigurationPlatforms) = postSolution
		{0D6722E9-DFD9-4639-BC2B-3E04BD1AFD05}.Debug|Any CPU.ActiveCfg = Debug|Any CPU
		{0D6722E9-DFD9-4639-BC2B-3E04BD1AFD05}.Debug|Any CPU.Build.0 = Debug|Any CPU
		{0D6722E9-DFD9-4639-BC2B-3E04BD1AFD05}.Release|Any CPU.ActiveCfg = Release|Any CPU
		{0D6722E9-DFD9-4639-BC2B-3E04BD1AFD05}.Release|Any CPU.Build.0 = Release|Any CPU
	EndGlobalSection
	GlobalSection(SolutionProperties) = preSolution
		HideSolutionNode = FALSE
	EndGlobalSection
	GlobalSection(ExtensibilityGlobals) = postSolution
		SolutionGuid = {3C89F1E4-6A92-4402-ACC7-FDF437608671}
	EndGlobalSection
EndGlobal
